
Microsoft Visual Studio Solution File, Format Version 12.00
# Visual Studio Version 16
VisualStudioVersion = 16.0.31321.278
MinimumVisualStudioVersion = 10.0.40219.1
Project("{FAE04EC0-301F-11D3-BF4B-00C04F79EFBC}") = "ElectronNet.Blazor.Server", "ElectronNet.Blazor\Server\ElectronNet.Blazor.Server.csproj", "{33141DFE-6C46-4B6A-8335-13104222C22B}"
EndProject
Project("{FAE04EC0-301F-11D3-BF4B-00C04F79EFBC}") = "ElectronNet.Blazor.Client", "ElectronNet.Blazor\Client\ElectronNet.Blazor.Client.csproj", "{2CABF08C-95BE-43E7-A1B2-B4EFA5E3CBDE}"
EndProject
Project("{FAE04EC0-301F-11D3-BF4B-00C04F79EFBC}") = "ElectronNet.Blazor.Shared", "ElectronNet.Blazor\Shared\ElectronNet.Blazor.Shared.csproj", "{6D72EF2F-325F-47CB-BCEF-1F1F6EB7B6D0}"
EndProject
Global
	GlobalSection(SolutionConfigurationPlatforms) = preSolution
		Debug|Any CPU = Debug|Any CPU
		Release|Any CPU = Release|Any CPU
	EndGlobalSection
	GlobalSection(ProjectConfigurationPlatforms) = postSolution
		{33141DFE-6C46-4B6A-8335-13104222C22B}.Debug|Any CPU.ActiveCfg = Debug|Any CPU
		{33141DFE-6C46-4B6A-8335-13104222C22B}.Debug|Any CPU.Build.0 = Debug|Any CPU
		{33141DFE-6C46-4B6A-8335-13104222C22B}.Release|Any CPU.ActiveCfg = Release|Any CPU
		{33141DFE-6C46-4B6A-8335-13104222C22B}.Release|Any CPU.Build.0 = Release|Any CPU
		{2CABF08C-95BE-43E7-A1B2-B4EFA5E3CBDE}.Debug|Any CPU.ActiveCfg = Debug|Any CPU
		{2CABF08C-95BE-43E7-A1B2-B4EFA5E3CBDE}.Debug|Any CPU.Build.0 = Debug|Any CPU
		{2CABF08C-95BE-43E7-A1B2-B4EFA5E3CBDE}.Release|Any CPU.ActiveCfg = Release|Any CPU
		{2CABF08C-95BE-43E7-A1B2-B4EFA5E3CBDE}.Release|Any CPU.Build.0 = Release|Any CPU
		{6D72EF2F-325F-47CB-BCEF-1F1F6EB7B6D0}.Debug|Any CPU.ActiveCfg = Debug|Any CPU
		{6D72EF2F-325F-47CB-BCEF-1F1F6EB7B6D0}.Debug|Any CPU.Build.0 = Debug|Any CPU
		{6D72EF2F-325F-47CB-BCEF-1F1F6EB7B6D0}.Release|Any CPU.ActiveCfg = Release|Any CPU
		{6D72EF2F-325F-47CB-BCEF-1F1F6EB7B6D0}.Release|Any CPU.Build.0 = Release|Any CPU
	EndGlobalSection
	GlobalSection(SolutionProperties) = preSolution
		HideSolutionNode = FALSE
	EndGlobalSection
	GlobalSection(ExtensibilityGlobals) = postSolution
		SolutionGuid = {C188D397-A26A-48B1-9492-6954874CFFC8}
	EndGlobalSection
EndGlobal
